// !$*UTF8*$!
{
	archiveVersion = 1;
	classes = {
	};
	objectVersion = 46;
	objects = {

/* Begin PBXBuildFile section */
		9B9AB5771D94C68E00AD75DB /* main.m in Sources */ = {isa = PBXBuildFile; fileRef = 9B9AB5761D94C68E00AD75DB /* main.m */; };
		9B9AB57A1D94C68E00AD75DB /* AppDelegate.m in Sources */ = {isa = PBXBuildFile; fileRef = 9B9AB5791D94C68E00AD75DB /* AppDelegate.m */; };
		9B9AB57D1D94C68E00AD75DB /* ViewController.m in Sources */ = {isa = PBXBuildFile; fileRef = 9B9AB57C1D94C68E00AD75DB /* ViewController.m */; };
		9B9AB5801D94C68E00AD75DB /* Main.storyboard in Resources */ = {isa = PBXBuildFile; fileRef = 9B9AB57E1D94C68E00AD75DB /* Main.storyboard */; };
		9B9AB5821D94C68E00AD75DB /* Assets.xcassets in Resources */ = {isa = PBXBuildFile; fileRef = 9B9AB5811D94C68E00AD75DB /* Assets.xcassets */; };
		9B9AB5851D94C68E00AD75DB /* LaunchScreen.storyboard in Resources */ = {isa = PBXBuildFile; fileRef = 9B9AB5831D94C68E00AD75DB /* LaunchScreen.storyboard */; };
		9B9AB5901D94C68E00AD75DB /* YYTRouterTests.m in Sources */ = {isa = PBXBuildFile; fileRef = 9B9AB58F1D94C68E00AD75DB /* YYTRouterTests.m */; };
		9B9AB59B1D94C68E00AD75DB /* YYTRouterUITests.m in Sources */ = {isa = PBXBuildFile; fileRef = 9B9AB59A1D94C68E00AD75DB /* YYTRouterUITests.m */; };
		9B9AB5AE1D94C6ED00AD75DB /* JLRoutes.m in Sources */ = {isa = PBXBuildFile; fileRef = 9B9AB5AD1D94C6ED00AD75DB /* JLRoutes.m */; };
		9B9AB5BC1D94D2C100AD75DB /* SecondViewController.m in Sources */ = {isa = PBXBuildFile; fileRef = 9B9AB5BA1D94D2C100AD75DB /* SecondViewController.m */; };
		9B9AB5BD1D94D2C100AD75DB /* SecondViewController.xib in Resources */ = {isa = PBXBuildFile; fileRef = 9B9AB5BB1D94D2C100AD75DB /* SecondViewController.xib */; };
		9B9AB5C41D94D2ED00AD75DB /* ThirdViewController.m in Sources */ = {isa = PBXBuildFile; fileRef = 9B9AB5C21D94D2ED00AD75DB /* ThirdViewController.m */; };
		9B9AB5C51D94D2ED00AD75DB /* ThirdViewController.xib in Resources */ = {isa = PBXBuildFile; fileRef = 9B9AB5C31D94D2ED00AD75DB /* ThirdViewController.xib */; };
		9B9AB5C91D94D81500AD75DB /* FirstViewController.m in Sources */ = {isa = PBXBuildFile; fileRef = 9B9AB5C71D94D81500AD75DB /* FirstViewController.m */; };
		9B9AB5CA1D94D81500AD75DB /* FirstViewController.xib in Resources */ = {isa = PBXBuildFile; fileRef = 9B9AB5C81D94D81500AD75DB /* FirstViewController.xib */; };
		9B9AB5D21D94E60F00AD75DB /* WebViewController.m in Sources */ = {isa = PBXBuildFile; fileRef = 9B9AB5D01D94E60F00AD75DB /* WebViewController.m */; };
		9B9AB5D31D94E60F00AD75DB /* WebViewController.xib in Resources */ = {isa = PBXBuildFile; fileRef = 9B9AB5D11D94E60F00AD75DB /* WebViewController.xib */; };
		9B9AB5D51D94E7D200AD75DB /* lee.html in Resources */ = {isa = PBXBuildFile; fileRef = 9B9AB5D41D94E7D200AD75DB /* lee.html */; };
		9B9AB5D91D94E99200AD75DB /* FourViewController.m in Sources */ = {isa = PBXBuildFile; fileRef = 9B9AB5D71D94E99200AD75DB /* FourViewController.m */; };
		9B9AB5DA1D94E99200AD75DB /* FourViewController.xib in Resources */ = {isa = PBXBuildFile; fileRef = 9B9AB5D81D94E99200AD75DB /* FourViewController.xib */; };
/* End PBXBuildFile section */

/* Begin PBXContainerItemProxy section */
		9B9AB58C1D94C68E00AD75DB /* PBXContainerItemProxy */ = {
			isa = PBXContainerItemProxy;
			containerPortal = 9B9AB56A1D94C68E00AD75DB /* Project object */;
			proxyType = 1;
			remoteGlobalIDString = 9B9AB5711D94C68E00AD75DB;
			remoteInfo = YYTRouter;
		};
		9B9AB5971D94C68E00AD75DB /* PBXContainerItemProxy */ = {
			isa = PBXContainerItemProxy;
			containerPortal = 9B9AB56A1D94C68E00AD75DB /* Project object */;
			proxyType = 1;
			remoteGlobalIDString = 9B9AB5711D94C68E00AD75DB;
			remoteInfo = YYTRouter;
		};
/* End PBXContainerItemProxy section */

/* Begin PBXFileReference section */
		9B9AB5721D94C68E00AD75DB /* YYTRouter.app */ = {isa = PBXFileReference; explicitFileType = wrapper.application; includeInIndex = 0; path = YYTRouter.app; sourceTree = BUILT_PRODUCTS_DIR; };
		9B9AB5761D94C68E00AD75DB /* main.m */ = {isa = PBXFileReference; lastKnownFileType = sourcecode.c.objc; path = main.m; sourceTree = "<group>"; };
		9B9AB5781D94C68E00AD75DB /* AppDelegate.h */ = {isa = PBXFileReference; lastKnownFileType = sourcecode.c.h; path = AppDelegate.h; sourceTree = "<group>"; };
		9B9AB5791D94C68E00AD75DB /* AppDelegate.m */ = {isa = PBXFileReference; lastKnownFileType = sourcecode.c.objc; path = AppDelegate.m; sourceTree = "<group>"; };
		9B9AB57B1D94C68E00AD75DB /* ViewController.h */ = {isa = PBXFileReference; lastKnownFileType = sourcecode.c.h; path = ViewController.h; sourceTree = "<group>"; };
		9B9AB57C1D94C68E00AD75DB /* ViewController.m */ = {isa = PBXFileReference; lastKnownFileType = sourcecode.c.objc; path = ViewController.m; sourceTree = "<group>"; };
		9B9AB57F1D94C68E00AD75DB /* Base */ = {isa = PBXFileReference; lastKnownFileType = file.storyboard; name = Base; path = Base.lproj/Main.storyboard; sourceTree = "<group>"; };
		9B9AB5811D94C68E00AD75DB /* Assets.xcassets */ = {isa = PBXFileReference; lastKnownFileType = folder.assetcatalog; path = Assets.xcassets; sourceTree = "<group>"; };
		9B9AB5841D94C68E00AD75DB /* Base */ = {isa = PBXFileReference; lastKnownFileType = file.storyboard; name = Base; path = Base.lproj/LaunchScreen.storyboard; sourceTree = "<group>"; };
		9B9AB5861D94C68E00AD75DB /* Info.plist */ = {isa = PBXFileReference; lastKnownFileType = text.plist.xml; path = Info.plist; sourceTree = "<group>"; };
		9B9AB58B1D94C68E00AD75DB /* YYTRouterTests.xctest */ = {isa = PBXFileReference; explicitFileType = wrapper.cfbundle; includeInIndex = 0; path = YYTRouterTests.xctest; sourceTree = BUILT_PRODUCTS_DIR; };
		9B9AB58F1D94C68E00AD75DB /* YYTRouterTests.m */ = {isa = PBXFileReference; lastKnownFileType = sourcecode.c.objc; path = YYTRouterTests.m; sourceTree = "<group>"; };
		9B9AB5911D94C68E00AD75DB /* Info.plist */ = {isa = PBXFileReference; lastKnownFileType = text.plist.xml; path = Info.plist; sourceTree = "<group>"; };
		9B9AB5961D94C68E00AD75DB /* YYTRouterUITests.xctest */ = {isa = PBXFileReference; explicitFileType = wrapper.cfbundle; includeInIndex = 0; path = YYTRouterUITests.xctest; sourceTree = BUILT_PRODUCTS_DIR; };
		9B9AB59A1D94C68E00AD75DB /* YYTRouterUITests.m */ = {isa = PBXFileReference; lastKnownFileType = sourcecode.c.objc; path = YYTRouterUITests.m; sourceTree = "<group>"; };
		9B9AB59C1D94C68E00AD75DB /* Info.plist */ = {isa = PBXFileReference; lastKnownFileType = text.plist.xml; path = Info.plist; sourceTree = "<group>"; };
		9B9AB5AC1D94C6ED00AD75DB /* JLRoutes.h */ = {isa = PBXFileReference; fileEncoding = 4; lastKnownFileType = sourcecode.c.h; path = JLRoutes.h; sourceTree = "<group>"; };
		9B9AB5AD1D94C6ED00AD75DB /* JLRoutes.m */ = {isa = PBXFileReference; fileEncoding = 4; lastKnownFileType = sourcecode.c.objc; path = JLRoutes.m; sourceTree = "<group>"; };
		9B9AB5B91D94D2C100AD75DB /* SecondViewController.h */ = {isa = PBXFileReference; fileEncoding = 4; lastKnownFileType = sourcecode.c.h; path = SecondViewController.h; sourceTree = "<group>"; };
		9B9AB5BA1D94D2C100AD75DB /* SecondViewController.m */ = {isa = PBXFileReference; fileEncoding = 4; lastKnownFileType = sourcecode.c.objc; path = SecondViewController.m; sourceTree = "<group>"; };
		9B9AB5BB1D94D2C100AD75DB /* SecondViewController.xib */ = {isa = PBXFileReference; fileEncoding = 4; lastKnownFileType = file.xib; path = SecondViewController.xib; sourceTree = "<group>"; };
		9B9AB5C11D94D2ED00AD75DB /* ThirdViewController.h */ = {isa = PBXFileReference; fileEncoding = 4; lastKnownFileType = sourcecode.c.h; path = ThirdViewController.h; sourceTree = "<group>"; };
		9B9AB5C21D94D2ED00AD75DB /* ThirdViewController.m */ = {isa = PBXFileReference; fileEncoding = 4; lastKnownFileType = sourcecode.c.objc; path = ThirdViewController.m; sourceTree = "<group>"; };
		9B9AB5C31D94D2ED00AD75DB /* ThirdViewController.xib */ = {isa = PBXFileReference; fileEncoding = 4; lastKnownFileType = file.xib; path = ThirdViewController.xib; sourceTree = "<group>"; };
		9B9AB5C61D94D81500AD75DB /* FirstViewController.h */ = {isa = PBXFileReference; fileEncoding = 4; lastKnownFileType = sourcecode.c.h; path = FirstViewController.h; sourceTree = "<group>"; };
		9B9AB5C71D94D81500AD75DB /* FirstViewController.m */ = {isa = PBXFileReference; fileEncoding = 4; lastKnownFileType = sourcecode.c.objc; path = FirstViewController.m; sourceTree = "<group>"; };
		9B9AB5C81D94D81500AD75DB /* FirstViewController.xib */ = {isa = PBXFileReference; fileEncoding = 4; lastKnownFileType = file.xib; path = FirstViewController.xib; sourceTree = "<group>"; };
		9B9AB5CF1D94E60F00AD75DB /* WebViewController.h */ = {isa = PBXFileReference; fileEncoding = 4; lastKnownFileType = sourcecode.c.h; path = WebViewController.h; sourceTree = "<group>"; };
		9B9AB5D01D94E60F00AD75DB /* WebViewController.m */ = {isa = PBXFileReference; fileEncoding = 4; lastKnownFileType = sourcecode.c.objc; path = WebViewController.m; sourceTree = "<group>"; };
		9B9AB5D11D94E60F00AD75DB /* WebViewController.xib */ = {isa = PBXFileReference; fileEncoding = 4; lastKnownFileType = file.xib; path = WebViewController.xib; sourceTree = "<group>"; };
		9B9AB5D41D94E7D200AD75DB /* lee.html */ = {isa = PBXFileReference; fileEncoding = 4; lastKnownFileType = text.html; path = lee.html; sourceTree = "<group>"; };
		9B9AB5D61D94E99200AD75DB /* FourViewController.h */ = {isa = PBXFileReference; fileEncoding = 4; lastKnownFileType = sourcecode.c.h; path = FourViewController.h; sourceTree = "<group>"; };
		9B9AB5D71D94E99200AD75DB /* FourViewController.m */ = {isa = PBXFileReference; fileEncoding = 4; lastKnownFileType = sourcecode.c.objc; path = FourViewController.m; sourceTree = "<group>"; };
		9B9AB5D81D94E99200AD75DB /* FourViewController.xib */ = {isa = PBXFileReference; fileEncoding = 4; lastKnownFileType = file.xib; path = FourViewController.xib; sourceTree = "<group>"; };
/* End PBXFileReference section */

/* Begin PBXFrameworksBuildPhase section */
		9B9AB56F1D94C68E00AD75DB /* Frameworks */ = {
			isa = PBXFrameworksBuildPhase;
			buildActionMask = 2147483647;
			files = (
			);
			runOnlyForDeploymentPostprocessing = 0;
		};
		9B9AB5881D94C68E00AD75DB /* Frameworks */ = {
			isa = PBXFrameworksBuildPhase;
			buildActionMask = 2147483647;
			files = (
			);
			runOnlyForDeploymentPostprocessing = 0;
		};
		9B9AB5931D94C68E00AD75DB /* Frameworks */ = {
			isa = PBXFrameworksBuildPhase;
			buildActionMask = 2147483647;
			files = (
			);
			runOnlyForDeploymentPostprocessing = 0;
		};
/* End PBXFrameworksBuildPhase section */

/* Begin PBXGroup section */
		9B9AB5691D94C68E00AD75DB = {
			isa = PBXGroup;
			children = (
				9B9AB5741D94C68E00AD75DB /* YYTRouter */,
				9B9AB58E1D94C68E00AD75DB /* YYTRouterTests */,
				9B9AB5991D94C68E00AD75DB /* YYTRouterUITests */,
				9B9AB5731D94C68E00AD75DB /* Products */,
			);
			sourceTree = "<group>";
		};
		9B9AB5731D94C68E00AD75DB /* Products */ = {
			isa = PBXGroup;
			children = (
				9B9AB5721D94C68E00AD75DB /* YYTRouter.app */,
				9B9AB58B1D94C68E00AD75DB /* YYTRouterTests.xctest */,
				9B9AB5961D94C68E00AD75DB /* YYTRouterUITests.xctest */,
			);
			name = Products;
			sourceTree = "<group>";
		};
		9B9AB5741D94C68E00AD75DB /* YYTRouter */ = {
			isa = PBXGroup;
			children = (
				9B9AB5CB1D94E5E400AD75DB /* Controller */,
				9B9AB5AB1D94C6D200AD75DB /* JLRoutes */,
				9B9AB5781D94C68E00AD75DB /* AppDelegate.h */,
				9B9AB5791D94C68E00AD75DB /* AppDelegate.m */,
				9B9AB57B1D94C68E00AD75DB /* ViewController.h */,
				9B9AB57C1D94C68E00AD75DB /* ViewController.m */,
				9B9AB57E1D94C68E00AD75DB /* Main.storyboard */,
				9B9AB5D41D94E7D200AD75DB /* lee.html */,
				9B9AB5811D94C68E00AD75DB /* Assets.xcassets */,
				9B9AB5831D94C68E00AD75DB /* LaunchScreen.storyboard */,
				9B9AB5861D94C68E00AD75DB /* Info.plist */,
				9B9AB5751D94C68E00AD75DB /* Supporting Files */,
			);
			path = YYTRouter;
			sourceTree = "<group>";
		};
		9B9AB5751D94C68E00AD75DB /* Supporting Files */ = {
			isa = PBXGroup;
			children = (
				9B9AB5761D94C68E00AD75DB /* main.m */,
			);
			name = "Supporting Files";
			sourceTree = "<group>";
		};
		9B9AB58E1D94C68E00AD75DB /* YYTRouterTests */ = {
			isa = PBXGroup;
			children = (
				9B9AB58F1D94C68E00AD75DB /* YYTRouterTests.m */,
				9B9AB5911D94C68E00AD75DB /* Info.plist */,
			);
			path = YYTRouterTests;
			sourceTree = "<group>";
		};
		9B9AB5991D94C68E00AD75DB /* YYTRouterUITests */ = {
			isa = PBXGroup;
			children = (
				9B9AB59A1D94C68E00AD75DB /* YYTRouterUITests.m */,
				9B9AB59C1D94C68E00AD75DB /* Info.plist */,
			);
			path = YYTRouterUITests;
			sourceTree = "<group>";
		};
		9B9AB5AB1D94C6D200AD75DB /* JLRoutes */ = {
			isa = PBXGroup;
			children = (
				9B9AB5AC1D94C6ED00AD75DB /* JLRoutes.h */,
				9B9AB5AD1D94C6ED00AD75DB /* JLRoutes.m */,
			);
			name = JLRoutes;
			sourceTree = "<group>";
		};
		9B9AB5CB1D94E5E400AD75DB /* Controller */ = {
			isa = PBXGroup;
			children = (
				9B9AB5C61D94D81500AD75DB /* FirstViewController.h */,
				9B9AB5C71D94D81500AD75DB /* FirstViewController.m */,
				9B9AB5C81D94D81500AD75DB /* FirstViewController.xib */,
				9B9AB5B91D94D2C100AD75DB /* SecondViewController.h */,
				9B9AB5BA1D94D2C100AD75DB /* SecondViewController.m */,
				9B9AB5BB1D94D2C100AD75DB /* SecondViewController.xib */,
				9B9AB5C11D94D2ED00AD75DB /* ThirdViewController.h */,
				9B9AB5C21D94D2ED00AD75DB /* ThirdViewController.m */,
				9B9AB5C31D94D2ED00AD75DB /* ThirdViewController.xib */,
				9B9AB5CF1D94E60F00AD75DB /* WebViewController.h */,
				9B9AB5D01D94E60F00AD75DB /* WebViewController.m */,
				9B9AB5D11D94E60F00AD75DB /* WebViewController.xib */,
				9B9AB5D61D94E99200AD75DB /* FourViewController.h */,
				9B9AB5D71D94E99200AD75DB /* FourViewController.m */,
				9B9AB5D81D94E99200AD75DB /* FourViewController.xib */,
			);
			name = Controller;
			sourceTree = "<group>";
		};
/* End PBXGroup section */

/* Begin PBXNativeTarget section */
		9B9AB5711D94C68E00AD75DB /* YYTRouter */ = {
			isa = PBXNativeTarget;
			buildConfigurationList = 9B9AB59F1D94C68E00AD75DB /* Build configuration list for PBXNativeTarget "YYTRouter" */;
			buildPhases = (
				9B9AB56E1D94C68E00AD75DB /* Sources */,
				9B9AB56F1D94C68E00AD75DB /* Frameworks */,
				9B9AB5701D94C68E00AD75DB /* Resources */,
			);
			buildRules = (
			);
			dependencies = (
			);
			name = YYTRouter;
			productName = YYTRouter;
			productReference = 9B9AB5721D94C68E00AD75DB /* YYTRouter.app */;
			productType = "com.apple.product-type.application";
		};
		9B9AB58A1D94C68E00AD75DB /* YYTRouterTests */ = {
			isa = PBXNativeTarget;
			buildConfigurationList = 9B9AB5A21D94C68E00AD75DB /* Build configuration list for PBXNativeTarget "YYTRouterTests" */;
			buildPhases = (
				9B9AB5871D94C68E00AD75DB /* Sources */,
				9B9AB5881D94C68E00AD75DB /* Frameworks */,
				9B9AB5891D94C68E00AD75DB /* Resources */,
			);
			buildRules = (
			);
			dependencies = (
				9B9AB58D1D94C68E00AD75DB /* PBXTargetDependency */,
			);
			name = YYTRouterTests;
			productName = YYTRouterTests;
			productReference = 9B9AB58B1D94C68E00AD75DB /* YYTRouterTests.xctest */;
			productType = "com.apple.product-type.bundle.unit-test";
		};
		9B9AB5951D94C68E00AD75DB /* YYTRouterUITests */ = {
			isa = PBXNativeTarget;
			buildConfigurationList = 9B9AB5A51D94C68E00AD75DB /* Build configuration list for PBXNativeTarget "YYTRouterUITests" */;
			buildPhases = (
				9B9AB5921D94C68E00AD75DB /* Sources */,
				9B9AB5931D94C68E00AD75DB /* Frameworks */,
				9B9AB5941D94C68E00AD75DB /* Resources */,
			);
			buildRules = (
			);
			dependencies = (
				9B9AB5981D94C68E00AD75DB /* PBXTargetDependency */,
			);
			name = YYTRouterUITests;
			productName = YYTRouterUITests;
			productReference = 9B9AB5961D94C68E00AD75DB /* YYTRouterUITests.xctest */;
			productType = "com.apple.product-type.bundle.ui-testing";
		};
/* End PBXNativeTarget section */

/* Begin PBXProject section */
		9B9AB56A1D94C68E00AD75DB /* Project object */ = {
			isa = PBXProject;
			attributes = {
				LastUpgradeCheck = 0800;
				ORGANIZATIONNAME = Lee;
				TargetAttributes = {
					9B9AB5711D94C68E00AD75DB = {
						CreatedOnToolsVersion = 8.0;
						DevelopmentTeam = RUGN46CN5V;
						ProvisioningStyle = Automatic;
					};
					9B9AB58A1D94C68E00AD75DB = {
						CreatedOnToolsVersion = 8.0;
						DevelopmentTeam = RUGN46CN5V;
						ProvisioningStyle = Automatic;
						TestTargetID = 9B9AB5711D94C68E00AD75DB;
					};
					9B9AB5951D94C68E00AD75DB = {
						CreatedOnToolsVersion = 8.0;
						DevelopmentTeam = RUGN46CN5V;
						ProvisioningStyle = Automatic;
						TestTargetID = 9B9AB5711D94C68E00AD75DB;
					};
				};
			};
			buildConfigurationList = 9B9AB56D1D94C68E00AD75DB /* Build configuration list for PBXProject "YYTRouter" */;
			compatibilityVersion = "Xcode 3.2";
			developmentRegion = English;
			hasScannedForEncodings = 0;
			knownRegions = (
				en,
				Base,
			);
			mainGroup = 9B9AB5691D94C68E00AD75DB;
			productRefGroup = 9B9AB5731D94C68E00AD75DB /* Products */;
			projectDirPath = "";
			projectRoot = "";
			targets = (
				9B9AB5711D94C68E00AD75DB /* YYTRouter */,
				9B9AB58A1D94C68E00AD75DB /* YYTRouterTests */,
				9B9AB5951D94C68E00AD75DB /* YYTRouterUITests */,
			);
		};
/* End PBXProject section */

/* Begin PBXResourcesBuildPhase section */
		9B9AB5701D94C68E00AD75DB /* Resources */ = {
			isa = PBXResourcesBuildPhase;
			buildActionMask = 2147483647;
			files = (
				9B9AB5BD1D94D2C100AD75DB /* SecondViewController.xib in Resources */,
				9B9AB5D51D94E7D200AD75DB /* lee.html in Resources */,
				9B9AB5DA1D94E99200AD75DB /* FourViewController.xib in Resources */,
				9B9AB5CA1D94D81500AD75DB /* FirstViewController.xib in Resources */,
				9B9AB5851D94C68E00AD75DB /* LaunchScreen.storyboard in Resources */,
				9B9AB5D31D94E60F00AD75DB /* WebViewController.xib in Resources */,
				9B9AB5821D94C68E00AD75DB /* Assets.xcassets in Resources */,
				9B9AB5C51D94D2ED00AD75DB /* ThirdViewController.xib in Resources */,
				9B9AB5801D94C68E00AD75DB /* Main.storyboard in Resources */,
			);
			runOnlyForDeploymentPostprocessing = 0;
		};
		9B9AB5891D94C68E00AD75DB /* Resources */ = {
			isa = PBXResourcesBuildPhase;
			buildActionMask = 2147483647;
			files = (
			);
			runOnlyForDeploymentPostprocessing = 0;
		};
		9B9AB5941D94C68E00AD75DB /* Resources */ = {
			isa = PBXResourcesBuildPhase;
			buildActionMask = 2147483647;
			files = (
			);
			runOnlyForDeploymentPostprocessing = 0;
		};
/* End PBXResourcesBuildPhase section */

/* Begin PBXSourcesBuildPhase section */
		9B9AB56E1D94C68E00AD75DB /* Sources */ = {
			isa = PBXSourcesBuildPhase;
			buildActionMask = 2147483647;
			files = (
				9B9AB5BC1D94D2C100AD75DB /* SecondViewController.m in Sources */,
				9B9AB57D1D94C68E00AD75DB /* ViewController.m in Sources */,
				9B9AB5C91D94D81500AD75DB /* FirstViewController.m in Sources */,
				9B9AB5D91D94E99200AD75DB /* FourViewController.m in Sources */,
				9B9AB5D21D94E60F00AD75DB /* WebViewController.m in Sources */,
				9B9AB5C41D94D2ED00AD75DB /* ThirdViewController.m in Sources */,
				9B9AB5AE1D94C6ED00AD75DB /* JLRoutes.m in Sources */,
				9B9AB57A1D94C68E00AD75DB /* AppDelegate.m in Sources */,
				9B9AB5771D94C68E00AD75DB /* main.m in Sources */,
			);
			runOnlyForDeploymentPostprocessing = 0;
		};
		9B9AB5871D94C68E00AD75DB /* Sources */ = {
			isa = PBXSourcesBuildPhase;
			buildActionMask = 2147483647;
			files = (
				9B9AB5901D94C68E00AD75DB /* YYTRouterTests.m in Sources */,
			);
			runOnlyForDeploymentPostprocessing = 0;
		};
		9B9AB5921D94C68E00AD75DB /* Sources */ = {
			isa = PBXSourcesBuildPhase;
			buildActionMask = 2147483647;
			files = (
				9B9AB59B1D94C68E00AD75DB /* YYTRouterUITests.m in Sources */,
			);
			runOnlyForDeploymentPostprocessing = 0;
		};
/* End PBXSourcesBuildPhase section */

/* Begin PBXTargetDependency section */
		9B9AB58D1D94C68E00AD75DB /* PBXTargetDependency */ = {
			isa = PBXTargetDependency;
			target = 9B9AB5711D94C68E00AD75DB /* YYTRouter */;
			targetProxy = 9B9AB58C1D94C68E00AD75DB /* PBXContainerItemProxy */;
		};
		9B9AB5981D94C68E00AD75DB /* PBXTargetDependency */ = {
			isa = PBXTargetDependency;
			target = 9B9AB5711D94C68E00AD75DB /* YYTRouter */;
			targetProxy = 9B9AB5971D94C68E00AD75DB /* PBXContainerItemProxy */;
		};
/* End PBXTargetDependency section */

/* Begin PBXVariantGroup section */
		9B9AB57E1D94C68E00AD75DB /* Main.storyboard */ = {
			isa = PBXVariantGroup;
			children = (
				9B9AB57F1D94C68E00AD75DB /* Base */,
			);
			name = Main.storyboard;
			sourceTree = "<group>";
		};
		9B9AB5831D94C68E00AD75DB /* LaunchScreen.storyboard */ = {
			isa = PBXVariantGroup;
			children = (
				9B9AB5841D94C68E00AD75DB /* Base */,
			);
			name = LaunchScreen.storyboard;
			sourceTree = "<group>";
		};
/* End PBXVariantGroup section */

/* Begin XCBuildConfiguration section */
		9B9AB59D1D94C68E00AD75DB /* Debug */ = {
			isa = XCBuildConfiguration;
			buildSettings = {
				ALWAYS_SEARCH_USER_PATHS = NO;
				CLANG_ANALYZER_NONNULL = YES;
				CLANG_CXX_LANGUAGE_STANDARD = "gnu++0x";
				CLANG_CXX_LIBRARY = "libc++";
				CLANG_ENABLE_MODULES = YES;
				CLANG_ENABLE_OBJC_ARC = YES;
				CLANG_WARN_BOOL_CONVERSION = YES;
				CLANG_WARN_CONSTANT_CONVERSION = YES;
				CLANG_WARN_DIRECT_OBJC_ISA_USAGE = YES_ERROR;
				CLANG_WARN_DOCUMENTATION_COMMENTS = YES;
				CLANG_WARN_EMPTY_BODY = YES;
				CLANG_WARN_ENUM_CONVERSION = YES;
				CLANG_WARN_INFINITE_RECURSION = YES;
				CLANG_WARN_INT_CONVERSION = YES;
				CLANG_WARN_OBJC_ROOT_CLASS = YES_ERROR;
				CLANG_WARN_SUSPICIOUS_MOVES = YES;
				CLANG_WARN_UNREACHABLE_CODE = YES;
				CLANG_WARN__DUPLICATE_METHOD_MATCH = YES;
				"CODE_SIGN_IDENTITY[sdk=iphoneos*]" = "iPhone Developer";
				COPY_PHASE_STRIP = NO;
				DEBUG_INFORMATION_FORMAT = dwarf;
				ENABLE_STRICT_OBJC_MSGSEND = YES;
				ENABLE_TESTABILITY = YES;
				GCC_C_LANGUAGE_STANDARD = gnu99;
				GCC_DYNAMIC_NO_PIC = NO;
				GCC_NO_COMMON_BLOCKS = YES;
				GCC_OPTIMIZATION_LEVEL = 0;
				GCC_PREPROCESSOR_DEFINITIONS = (
					"DEBUG=1",
					"$(inherited)",
				);
				GCC_WARN_64_TO_32_BIT_CONVERSION = YES;
				GCC_WARN_ABOUT_RETURN_TYPE = YES_ERROR;
				GCC_WARN_UNDECLARED_SELECTOR = YES;
				GCC_WARN_UNINITIALIZED_AUTOS = YES_AGGRESSIVE;
				GCC_WARN_UNUSED_FUNCTION = YES;
				GCC_WARN_UNUSED_VARIABLE = YES;
				IPHONEOS_DEPLOYMENT_TARGET = 10.0;
				MTL_ENABLE_DEBUG_INFO = YES;
				ONLY_ACTIVE_ARCH = YES;
				SDKROOT = iphoneos;
			};
			name = Debug;
		};
		9B9AB59E1D94C68E00AD75DB /* Release */ = {
			isa = XCBuildConfiguration;
			buildSettings = {
				ALWAYS_SEARCH_USER_PATHS = NO;
				CLANG_ANALYZER_NONNULL = YES;
				CLANG_CXX_LANGUAGE_STANDARD = "gnu++0x";
				CLANG_CXX_LIBRARY = "libc++";
				CLANG_ENABLE_MODULES = YES;
				CLANG_ENABLE_OBJC_ARC = YES;
				CLANG_WARN_BOOL_CONVERSION = YES;
				CLANG_WARN_CONSTANT_CONVERSION = YES;
				CLANG_WARN_DIRECT_OBJC_ISA_USAGE = YES_ERROR;
				CLANG_WARN_DOCUMENTATION_COMMENTS = YES;
				CLANG_WARN_EMPTY_BODY = YES;
				CLANG_WARN_ENUM_CONVERSION = YES;
				CLANG_WARN_INFINITE_RECURSION = YES;
				CLANG_WARN_INT_CONVERSION = YES;
				CLANG_WARN_OBJC_ROOT_CLASS = YES_ERROR;
				CLANG_WARN_SUSPICIOUS_MOVES = YES;
				CLANG_WARN_UNREACHABLE_CODE = YES;
				CLANG_WARN__DUPLICATE_METHOD_MATCH = YES;
				"CODE_SIGN_IDENTITY[sdk=iphoneos*]" = "iPhone Developer";
				COPY_PHASE_STRIP = NO;
				DEBUG_INFORMATION_FORMAT = "dwarf-with-dsym";
				ENABLE_NS_ASSERTIONS = NO;
				ENABLE_STRICT_OBJC_MSGSEND = YES;
				GCC_C_LANGUAGE_STANDARD = gnu99;
				GCC_NO_COMMON_BLOCKS = YES;
				GCC_WARN_64_TO_32_BIT_CONVERSION = YES;
				GCC_WARN_ABOUT_RETURN_TYPE = YES_ERROR;
				GCC_WARN_UNDECLARED_SELECTOR = YES;
				GCC_WARN_UNINITIALIZED_AUTOS = YES_AGGRESSIVE;
				GCC_WARN_UNUSED_FUNCTION = YES;
				GCC_WARN_UNUSED_VARIABLE = YES;
				IPHONEOS_DEPLOYMENT_TARGET = 10.0;
				MTL_ENABLE_DEBUG_INFO = NO;
				SDKROOT = iphoneos;
				VALIDATE_PRODUCT = YES;
			};
			name = Release;
		};
		9B9AB5A01D94C68E00AD75DB /* Debug */ = {
			isa = XCBuildConfiguration;
			buildSettings = {
				ASSETCATALOG_COMPILER_APPICON_NAME = AppIcon;
				DEVELOPMENT_TEAM = RUGN46CN5V;
				INFOPLIST_FILE = YYTRouter/Info.plist;
				IPHONEOS_DEPLOYMENT_TARGET = 8.0;
				LD_RUNPATH_SEARCH_PATHS = "$(inherited) @executable_path/Frameworks";
				PRODUCT_BUNDLE_IDENTIFIER = com.leediscover.YYTRouter;
				PRODUCT_NAME = "$(TARGET_NAME)";
			};
			name = Debug;
		};
		9B9AB5A11D94C68E00AD75DB /* Release */ = {
			isa = XCBuildConfiguration;
			buildSettings = {
				ASSETCATALOG_COMPILER_APPICON_NAME = AppIcon;
				DEVELOPMENT_TEAM = RUGN46CN5V;
				INFOPLIST_FILE = YYTRouter/Info.plist;
				IPHONEOS_DEPLOYMENT_TARGET = 8.0;
				LD_RUNPATH_SEARCH_PATHS = "$(inherited) @executable_path/Frameworks";
				PRODUCT_BUNDLE_IDENTIFIER = com.leediscover.YYTRouter;
				PRODUCT_NAME = "$(TARGET_NAME)";
			};
			name = Release;
		};
		9B9AB5A31D94C68E00AD75DB /* Debug */ = {
			isa = XCBuildConfiguration;
			buildSettings = {
				BUNDLE_LOADER = "$(TEST_HOST)";
				DEVELOPMENT_TEAM = RUGN46CN5V;
				INFOPLIST_FILE = YYTRouterTests/Info.plist;
				LD_RUNPATH_SEARCH_PATHS = "$(inherited) @executable_path/Frameworks @loader_path/Frameworks";
				PRODUCT_BUNDLE_IDENTIFIER = com.leediscover.YYTRouterTests;
				PRODUCT_NAME = "$(TARGET_NAME)";
				TEST_HOST = "$(BUILT_PRODUCTS_DIR)/YYTRouter.app/YYTRouter";
			};
			name = Debug;
		};
		9B9AB5A41D94C68E00AD75DB /* Release */ = {
			isa = XCBuildConfiguration;
			buildSettings = {
				BUNDLE_LOADER = "$(TEST_HOST)";
				DEVELOPMENT_TEAM = RUGN46CN5V;
				INFOPLIST_FILE = YYTRouterTests/Info.plist;
				LD_RUNPATH_SEARCH_PATHS = "$(inherited) @executable_path/Frameworks @loader_path/Frameworks";
				PRODUCT_BUNDLE_IDENTIFIER = com.leediscover.YYTRouterTests;
				PRODUCT_NAME = "$(TARGET_NAME)";
				TEST_HOST = "$(BUILT_PRODUCTS_DIR)/YYTRouter.app/YYTRouter";
			};
			name = Release;
		};
		9B9AB5A61D94C68E00AD75DB /* Debug */ = {
			isa = XCBuildConfiguration;
			buildSettings = {
				DEVELOPMENT_TEAM = RUGN46CN5V;
				INFOPLIST_FILE = YYTRouterUITests/Info.plist;
				LD_RUNPATH_SEARCH_PATHS = "$(inherited) @executable_path/Frameworks @loader_path/Frameworks";
				PRODUCT_BUNDLE_IDENTIFIER = com.leediscover.YYTRouterUITests;
				PRODUCT_NAME = "$(TARGET_NAME)";
				TEST_TARGET_NAME = YYTRouter;
			};
			name = Debug;
		};
		9B9AB5A71D94C68E00AD75DB /* Release */ = {
			isa = XCBuildConfiguration;
			buildSettings = {
				DEVELOPMENT_TEAM = RUGN46CN5V;
				INFOPLIST_FILE = YYTRouterUITests/Info.plist;
				LD_RUNPATH_SEARCH_PATHS = "$(inherited) @executable_path/Frameworks @loader_path/Frameworks";
				PRODUCT_BUNDLE_IDENTIFIER = com.leediscover.YYTRouterUITests;
				PRODUCT_NAME = "$(TARGET_NAME)";
				TEST_TARGET_NAME = YYTRouter;
			};
			name = Release;
		};
/* End XCBuildConfiguration section */

/* Begin XCConfigurationList section */
		9B9AB56D1D94C68E00AD75DB /* Build configuration list for PBXProject "YYTRouter" */ = {
			isa = XCConfigurationList;
			buildConfigurations = (
				9B9AB59D1D94C68E00AD75DB /* Debug */,
				9B9AB59E1D94C68E00AD75DB /* Release */,
			);
			defaultConfigurationIsVisible = 0;
			defaultConfigurationName = Release;
		};
		9B9AB59F1D94C68E00AD75DB /* Build configuration list for PBXNativeTarget "YYTRouter" */ = {
			isa = XCConfigurationList;
			buildConfigurations = (
				9B9AB5A01D94C68E00AD75DB /* Debug */,
				9B9AB5A11D94C68E00AD75DB /* Release */,
			);
			defaultConfigurationIsVisible = 0;
			defaultConfigurationName = Release;
		};
		9B9AB5A21D94C68E00AD75DB /* Build configuration list for PBXNativeTarget "YYTRouterTests" */ = {
			isa = XCConfigurationList;
			buildConfigurations = (
				9B9AB5A31D94C68E00AD75DB /* Debug */,
				9B9AB5A41D94C68E00AD75DB /* Release */,
			);
			defaultConfigurationIsVisible = 0;
			defaultConfigurationName = Release;
		};
		9B9AB5A51D94C68E00AD75DB /* Build configuration list for PBXNativeTarget "YYTRouterUITests" */ = {
			isa = XCConfigurationList;
			buildConfigurations = (
				9B9AB5A61D94C68E00AD75DB /* Debug */,
				9B9AB5A71D94C68E00AD75DB /* Release */,
			);
			defaultConfigurationIsVisible = 0;
			defaultConfigurationName = Release;
		};
/* End XCConfigurationList section */
	};
	rootObject = 9B9AB56A1D94C68E00AD75DB /* Project object */;
}
